
Microsoft Visual Studio Solution File, Format Version 12.00
# Visual Studio Version 17
VisualStudioVersion = 17.6.33815.320
MinimumVisualStudioVersion = 10.0.40219.1
Project("{9A19103F-16F7-4668-BE54-9A1E7A4F7556}") = "fmis", "fmis.csproj", "{B3E3D764-46A8-4AD7-A916-0F3D266837A6}"
EndProject
Global
	GlobalSection(SolutionConfigurationPlatforms) = preSolution
		Debug|Any CPU = Debug|Any CPU
		Release|Any CPU = Release|Any CPU
	EndGlobalSection
	GlobalSection(ProjectConfigurationPlatforms) = postSolution
		{B3E3D764-46A8-4AD7-A916-0F3D266837A6}.Debug|Any CPU.ActiveCfg = Debug|Any CPU
		{B3E3D764-46A8-4AD7-A916-0F3D266837A6}.Debug|Any CPU.Build.0 = Debug|Any CPU
		{B3E3D764-46A8-4AD7-A916-0F3D266837A6}.Release|Any CPU.ActiveCfg = Release|Any CPU
		{B3E3D764-46A8-4AD7-A916-0F3D266837A6}.Release|Any CPU.Build.0 = Release|Any CPU
	EndGlobalSection
	GlobalSection(SolutionProperties) = preSolution
		HideSolutionNode = FALSE
	EndGlobalSection
	GlobalSection(ExtensibilityGlobals) = postSolution
		SolutionGuid = {BDBFCD92-41DC-46C0-ABE5-D39A710560D4}
	EndGlobalSection
EndGlobal
